
Microsoft Visual Studio Solution File, Format Version 12.00
# Visual Studio 15
Project("{FAE04EC0-301F-11D3-BF4B-00C04F79EFBC}") = "AnimalCategoriser", "AnimalCategoriser\AnimalCategoriser.csproj", "{766D6056-813B-441C-902F-6F5C5319207C}"
EndProject
Global
	GlobalSection(SolutionConfigurationPlatforms) = preSolution
		Debug|anycpu = Debug|anycpu
		Release|anycpu = Release|anycpu
	EndGlobalSection
	GlobalSection(ProjectConfigurationPlatforms) = postSolution
		{766D6056-813B-441C-902F-6F5C5319207C}.Debug|anycpu.ActiveCfg = Debug|anycpu
		{766D6056-813B-441C-902F-6F5C5319207C}.Debug|anycpu.Build.0 = Debug|anycpu
		{766D6056-813B-441C-902F-6F5C5319207C}.Release|anycpu.ActiveCfg = Release|anycpu
		{766D6056-813B-441C-902F-6F5C5319207C}.Release|anycpu.Build.0 = Release|anycpu
	EndGlobalSection
EndGlobal
